
Microsoft Visual Studio Solution File, Format Version 12.00
# Visual Studio Version 17
VisualStudioVersion = 17.14.36121.58
MinimumVisualStudioVersion = 10.0.40219.1
Project("{FAE04EC0-301F-11D3-BF4B-00C04F79EFBC}") = "StudentManagementSystem", "Student-Management-System\StudentManagementSystem.csproj", "{989EF8EA-964F-477C-A0E4-364FEBCCE01B}"
EndProject
Global
	GlobalSection(SolutionConfigurationPlatforms) = preSolution
		Debug|Any CPU = Debug|Any CPU
		Release|Any CPU = Release|Any CPU
	EndGlobalSection
	GlobalSection(ProjectConfigurationPlatforms) = postSolution
		{989EF8EA-964F-477C-A0E4-364FEBCCE01B}.Debug|Any CPU.ActiveCfg = Debug|Any CPU
		{989EF8EA-964F-477C-A0E4-364FEBCCE01B}.Debug|Any CPU.Build.0 = Debug|Any CPU
		{989EF8EA-964F-477C-A0E4-364FEBCCE01B}.Release|Any CPU.ActiveCfg = Release|Any CPU
		{989EF8EA-964F-477C-A0E4-364FEBCCE01B}.Release|Any CPU.Build.0 = Release|Any CPU
	EndGlobalSection
	GlobalSection(SolutionProperties) = preSolution
		HideSolutionNode = FALSE
	EndGlobalSection
	GlobalSection(ExtensibilityGlobals) = postSolution
		SolutionGuid = {CAF657B8-71FB-4AE8-B30C-F77F99341F6C}
	EndGlobalSection
EndGlobal
